
Microsoft Visual Studio Solution File, Format Version 12.00
# Visual Studio Version 16
VisualStudioVersion = 16.0.30225.117
MinimumVisualStudioVersion = 10.0.40219.1
Project("{9A19103F-16F7-4668-BE54-9A1E7A4F7556}") = "DockerAPI", "DockerAPI.csproj", "{F09CF65C-0365-45A5-AD54-C369384CDD64}"
EndProject
Global
	GlobalSection(SolutionConfigurationPlatforms) = preSolution
		Debug|Any CPU = Debug|Any CPU
		Release|Any CPU = Release|Any CPU
	EndGlobalSection
	GlobalSection(ProjectConfigurationPlatforms) = postSolution
		{F09CF65C-0365-45A5-AD54-C369384CDD64}.Debug|Any CPU.ActiveCfg = Debug|Any CPU
		{F09CF65C-0365-45A5-AD54-C369384CDD64}.Debug|Any CPU.Build.0 = Debug|Any CPU
		{F09CF65C-0365-45A5-AD54-C369384CDD64}.Release|Any CPU.ActiveCfg = Release|Any CPU
		{F09CF65C-0365-45A5-AD54-C369384CDD64}.Release|Any CPU.Build.0 = Release|Any CPU
	EndGlobalSection
	GlobalSection(SolutionProperties) = preSolution
		HideSolutionNode = FALSE
	EndGlobalSection
	GlobalSection(ExtensibilityGlobals) = postSolution
		SolutionGuid = {8F0277CA-C2D8-4CED-AAB6-45EE072E3039}
	EndGlobalSection
EndGlobal
